// !$*UTF8*$!
{
	archiveVersion = 1;
	classes = {
	};
	objectVersion = 46;
	objects = {

/* Begin PBXBuildFile section */
		CCF5686E1D11A64900177C8A /* AppDelegate.swift in Sources */ = {isa = PBXBuildFile; fileRef = CCF5686D1D11A64900177C8A /* AppDelegate.swift */; };
		CCF568701D11A64900177C8A /* ViewController.swift in Sources */ = {isa = PBXBuildFile; fileRef = CCF5686F1D11A64900177C8A /* ViewController.swift */; };
		CCF568731D11A64900177C8A /* Main.storyboard in Resources */ = {isa = PBXBuildFile; fileRef = CCF568711D11A64900177C8A /* Main.storyboard */; };
		CCF568751D11A64900177C8A /* Assets.xcassets in Resources */ = {isa = PBXBuildFile; fileRef = CCF568741D11A64900177C8A /* Assets.xcassets */; };
		CCF568781D11A64900177C8A /* LaunchScreen.storyboard in Resources */ = {isa = PBXBuildFile; fileRef = CCF568761D11A64900177C8A /* LaunchScreen.storyboard */; };
/* End PBXBuildFile section */

/* Begin PBXFileReference section */
		CCF5686A1D11A64900177C8A /* Longest word Stretch.app */ = {isa = PBXFileReference; explicitFileType = wrapper.application; includeInIndex = 0; path = "Longest word Stretch.app"; sourceTree = BUILT_PRODUCTS_DIR; };
		CCF5686D1D11A64900177C8A /* AppDelegate.swift */ = {isa = PBXFileReference; lastKnownFileType = sourcecode.swift; path = AppDelegate.swift; sourceTree = "<group>"; };
		CCF5686F1D11A64900177C8A /* ViewController.swift */ = {isa = PBXFileReference; lastKnownFileType = sourcecode.swift; path = ViewController.swift; sourceTree = "<group>"; };
		CCF568721D11A64900177C8A /* Base */ = {isa = PBXFileReference; lastKnownFileType = file.storyboard; name = Base; path = Base.lproj/Main.storyboard; sourceTree = "<group>"; };
		CCF568741D11A64900177C8A /* Assets.xcassets */ = {isa = PBXFileReference; lastKnownFileType = folder.assetcatalog; path = Assets.xcassets; sourceTree = "<group>"; };
		CCF568771D11A64900177C8A /* Base */ = {isa = PBXFileReference; lastKnownFileType = file.storyboard; name = Base; path = Base.lproj/LaunchScreen.storyboard; sourceTree = "<group>"; };
		CCF568791D11A64900177C8A /* Info.plist */ = {isa = PBXFileReference; lastKnownFileType = text.plist.xml; path = Info.plist; sourceTree = "<group>"; };
/* End PBXFileReference section */

/* Begin PBXFrameworksBuildPhase section */
		CCF568671D11A64900177C8A /* Frameworks */ = {
			isa = PBXFrameworksBuildPhase;
			buildActionMask = 2147483647;
			files = (
			);
			runOnlyForDeploymentPostprocessing = 0;
		};
/* End PBXFrameworksBuildPhase section */

/* Begin PBXGroup section */
		CCF568611D11A64900177C8A = {
			isa = PBXGroup;
			children = (
				CCF5686C1D11A64900177C8A /* Longest word Stretch */,
				CCF5686B1D11A64900177C8A /* Products */,
			);
			sourceTree = "<group>";
		};
		CCF5686B1D11A64900177C8A /* Products */ = {
			isa = PBXGroup;
			children = (
				CCF5686A1D11A64900177C8A /* Longest word Stretch.app */,
			);
			name = Products;
			sourceTree = "<group>";
		};
		CCF5686C1D11A64900177C8A /* Longest word Stretch */ = {
			isa = PBXGroup;
			children = (
				CCF5686D1D11A64900177C8A /* AppDelegate.swift */,
				CCF5686F1D11A64900177C8A /* ViewController.swift */,
				CCF568711D11A64900177C8A /* Main.storyboard */,
				CCF568741D11A64900177C8A /* Assets.xcassets */,
				CCF568761D11A64900177C8A /* LaunchScreen.storyboard */,
				CCF568791D11A64900177C8A /* Info.plist */,
			);
			path = "Longest word Stretch";
			sourceTree = "<group>";
		};
/* End PBXGroup section */

/* Begin PBXNativeTarget section */
		CCF568691D11A64900177C8A /* Longest word Stretch */ = {
			isa = PBXNativeTarget;
			buildConfigurationList = CCF5687C1D11A64900177C8A /* Build configuration list for PBXNativeTarget "Longest word Stretch" */;
			buildPhases = (
				CCF568661D11A64900177C8A /* Sources */,
				CCF568671D11A64900177C8A /* Frameworks */,
				CCF568681D11A64900177C8A /* Resources */,
			);
			buildRules = (
			);
			dependencies = (
			);
			name = "Longest word Stretch";
			productName = "Longest word Stretch";
			productReference = CCF5686A1D11A64900177C8A /* Longest word Stretch.app */;
			productType = "com.apple.product-type.application";
		};
/* End PBXNativeTarget section */

/* Begin PBXProject section */
		CCF568621D11A64900177C8A /* Project object */ = {
			isa = PBXProject;
			attributes = {
				LastSwiftUpdateCheck = 0730;
				LastUpgradeCheck = 0730;
				ORGANIZATIONNAME = "Eva Bresciano";
				TargetAttributes = {
					CCF568691D11A64900177C8A = {
						CreatedOnToolsVersion = 7.3;
						DevelopmentTeam = WP96JMRW5V;
					};
				};
			};
			buildConfigurationList = CCF568651D11A64900177C8A /* Build configuration list for PBXProject "Longest word Stretch" */;
			compatibilityVersion = "Xcode 3.2";
			developmentRegion = English;
			hasScannedForEncodings = 0;
			knownRegions = (
				en,
				Base,
			);
			mainGroup = CCF568611D11A64900177C8A;
			productRefGroup = CCF5686B1D11A64900177C8A /* Products */;
			projectDirPath = "";
			projectRoot = "";
			targets = (
				CCF568691D11A64900177C8A /* Longest word Stretch */,
			);
		};
/* End PBXProject section */

/* Begin PBXResourcesBuildPhase section */
		CCF568681D11A64900177C8A /* Resources */ = {
			isa = PBXResourcesBuildPhase;
			buildActionMask = 2147483647;
			files = (
				CCF568781D11A64900177C8A /* LaunchScreen.storyboard in Resources */,
				CCF568751D11A64900177C8A /* Assets.xcassets in Resources */,
				CCF568731D11A64900177C8A /* Main.storyboard in Resources */,
			);
			runOnlyForDeploymentPostprocessing = 0;
		};
/* End PBXResourcesBuildPhase section */

/* Begin PBXSourcesBuildPhase section */
		CCF568661D11A64900177C8A /* Sources */ = {
			isa = PBXSourcesBuildPhase;
			buildActionMask = 2147483647;
			files = (
				CCF568701D11A64900177C8A /* ViewController.swift in Sources */,
				CCF5686E1D11A64900177C8A /* AppDelegate.swift in Sources */,
			);
			runOnlyForDeploymentPostprocessing = 0;
		};
/* End PBXSourcesBuildPhase section */

/* Begin PBXVariantGroup section */
		CCF568711D11A64900177C8A /* Main.storyboard */ = {
			isa = PBXVariantGroup;
			children = (
				CCF568721D11A64900177C8A /* Base */,
			);
			name = Main.storyboard;
			sourceTree = "<group>";
		};
		CCF568761D11A64900177C8A /* LaunchScreen.storyboard */ = {
			isa = PBXVariantGroup;
			children = (
				CCF568771D11A64900177C8A /* Base */,
			);
			name = LaunchScreen.storyboard;
			sourceTree = "<group>";
		};
/* End PBXVariantGroup section */

/* Begin XCBuildConfiguration section */
		CCF5687A1D11A64900177C8A /* Debug */ = {
			isa = XCBuildConfiguration;
			buildSettings = {
				ALWAYS_SEARCH_USER_PATHS = NO;
				CLANG_ANALYZER_NONNULL = YES;
				CLANG_CXX_LANGUAGE_STANDARD = "gnu++0x";
				CLANG_CXX_LIBRARY = "libc++";
				CLANG_ENABLE_MODULES = YES;
				CLANG_ENABLE_OBJC_ARC = YES;
				CLANG_WARN_BOOL_CONVERSION = YES;
				CLANG_WARN_CONSTANT_CONVERSION = YES;
				CLANG_WARN_DIRECT_OBJC_ISA_USAGE = YES_ERROR;
				CLANG_WARN_EMPTY_BODY = YES;
				CLANG_WARN_ENUM_CONVERSION = YES;
				CLANG_WARN_INT_CONVERSION = YES;
				CLANG_WARN_OBJC_ROOT_CLASS = YES_ERROR;
				CLANG_WARN_UNREACHABLE_CODE = YES;
				CLANG_WARN__DUPLICATE_METHOD_MATCH = YES;
				"CODE_SIGN_IDENTITY[sdk=iphoneos*]" = "iPhone Developer";
				COPY_PHASE_STRIP = NO;
				DEBUG_INFORMATION_FORMAT = dwarf;
				ENABLE_STRICT_OBJC_MSGSEND = YES;
				ENABLE_TESTABILITY = YES;
				GCC_C_LANGUAGE_STANDARD = gnu99;
				GCC_DYNAMIC_NO_PIC = NO;
				GCC_NO_COMMON_BLOCKS = YES;
				GCC_OPTIMIZATION_LEVEL = 0;
				GCC_PREPROCESSOR_DEFINITIONS = (
					"DEBUG=1",
					"$(inherited)",
				);
				GCC_WARN_64_TO_32_BIT_CONVERSION = YES;
				GCC_WARN_ABOUT_RETURN_TYPE = YES_ERROR;
				GCC_WARN_UNDECLARED_SELECTOR = YES;
				GCC_WARN_UNINITIALIZED_AUTOS = YES_AGGRESSIVE;
				GCC_WARN_UNUSED_FUNCTION = YES;
				GCC_WARN_UNUSED_VARIABLE = YES;
				IPHONEOS_DEPLOYMENT_TARGET = 9.3;
				MTL_ENABLE_DEBUG_INFO = YES;
				ONLY_ACTIVE_ARCH = YES;
				SDKROOT = iphoneos;
				SWIFT_OPTIMIZATION_LEVEL = "-Onone";
				TARGETED_DEVICE_FAMILY = "1,2";
			};
			name = Debug;
		};
		CCF5687B1D11A64900177C8A /* Release */ = {
			isa = XCBuildConfiguration;
			buildSettings = {
				ALWAYS_SEARCH_USER_PATHS = NO;
				CLANG_ANALYZER_NONNULL = YES;
				CLANG_CXX_LANGUAGE_STANDARD = "gnu++0x";
				CLANG_CXX_LIBRARY = "libc++";
				CLANG_ENABLE_MODULES = YES;
				CLANG_ENABLE_OBJC_ARC = YES;
				CLANG_WARN_BOOL_CONVERSION = YES;
				CLANG_WARN_CONSTANT_CONVERSION = YES;
				CLANG_WARN_DIRECT_OBJC_ISA_USAGE = YES_ERROR;
				CLANG_WARN_EMPTY_BODY = YES;
				CLANG_WARN_ENUM_CONVERSION = YES;
				CLANG_WARN_INT_CONVERSION = YES;
				CLANG_WARN_OBJC_ROOT_CLASS = YES_ERROR;
				CLANG_WARN_UNREACHABLE_CODE = YES;
				CLANG_WARN__DUPLICATE_METHOD_MATCH = YES;
				"CODE_SIGN_IDENTITY[sdk=iphoneos*]" = "iPhone Developer";
				COPY_PHASE_STRIP = NO;
				DEBUG_INFORMATION_FORMAT = "dwarf-with-dsym";
				ENABLE_NS_ASSERTIONS = NO;
				ENABLE_STRICT_OBJC_MSGSEND = YES;
				GCC_C_LANGUAGE_STANDARD = gnu99;
				GCC_NO_COMMON_BLOCKS = YES;
				GCC_WARN_64_TO_32_BIT_CONVERSION = YES;
				GCC_WARN_ABOUT_RETURN_TYPE = YES_ERROR;
				GCC_WARN_UNDECLARED_SELECTOR = YES;
				GCC_WARN_UNINITIALIZED_AUTOS = YES_AGGRESSIVE;
				GCC_WARN_UNUSED_FUNCTION = YES;
				GCC_WARN_UNUSED_VARIABLE = YES;
				IPHONEOS_DEPLOYMENT_TARGET = 9.3;
				MTL_ENABLE_DEBUG_INFO = NO;
				SDKROOT = iphoneos;
				TARGETED_DEVICE_FAMILY = "1,2";
				VALIDATE_PRODUCT = YES;
			};
			name = Release;
		};
		CCF5687D1D11A64900177C8A /* Debug */ = {
			isa = XCBuildConfiguration;
			buildSettings = {
				ASSETCATALOG_COMPILER_APPICON_NAME = AppIcon;
				INFOPLIST_FILE = "Longest word Stretch/Info.plist";
				LD_RUNPATH_SEARCH_PATHS = "$(inherited) @executable_path/Frameworks";
				PRODUCT_BUNDLE_IDENTIFIER = "com.example..Longest-word-Stretch";
				PRODUCT_NAME = "$(TARGET_NAME)";
			};
			name = Debug;
		};
		CCF5687E1D11A64900177C8A /* Release */ = {
			isa = XCBuildConfiguration;
			buildSettings = {
				ASSETCATALOG_COMPILER_APPICON_NAME = AppIcon;
				INFOPLIST_FILE = "Longest word Stretch/Info.plist";
				LD_RUNPATH_SEARCH_PATHS = "$(inherited) @executable_path/Frameworks";
				PRODUCT_BUNDLE_IDENTIFIER = "com.example..Longest-word-Stretch";
				PRODUCT_NAME = "$(TARGET_NAME)";
			};
			name = Release;
		};
/* End XCBuildConfiguration section */

/* Begin XCConfigurationList section */
		CCF568651D11A64900177C8A /* Build configuration list for PBXProject "Longest word Stretch" */ = {
			isa = XCConfigurationList;
			buildConfigurations = (
				CCF5687A1D11A64900177C8A /* Debug */,
				CCF5687B1D11A64900177C8A /* Release */,
			);
			defaultConfigurationIsVisible = 0;
			defaultConfigurationName = Release;
		};
		CCF5687C1D11A64900177C8A /* Build configuration list for PBXNativeTarget "Longest word Stretch" */ = {
			isa = XCConfigurationList;
			buildConfigurations = (
				CCF5687D1D11A64900177C8A /* Debug */,
				CCF5687E1D11A64900177C8A /* Release */,
			);
			defaultConfigurationIsVisible = 0;
		};
/* End XCConfigurationList section */
	};
	rootObject = CCF568621D11A64900177C8A /* Project object */;
}
